
Microsoft Visual Studio Solution File, Format Version 12.00
# Visual Studio Version 17
VisualStudioVersion = 17.14.37012.4
MinimumVisualStudioVersion = 10.0.40219.1
Project("{FAE04EC0-301F-11D3-BF4B-00C04F79EFBC}") = "FoodMapApp", "FoodMapApp\FoodMapApp.csproj", "{69E51839-D9AE-165A-53F4-DF3EFE0D777A}"
EndProject
Project("{FAE04EC0-301F-11D3-BF4B-00C04F79EFBC}") = "MapAppAPI", "MapAppAPI\MapAppAPI.csproj", "{3FB40AE7-7996-1A66-EEFE-4CAF77DC7BA7}"
EndProject
Project("{FAE04EC0-301F-11D3-BF4B-00C04F79EFBC}") = "FoodMapAdmin", "FoodMapAdmin\FoodMapAdmin.csproj", "{4060156B-7F7F-21A4-F723-49ED1EBCC625}"
EndProject
Global
	GlobalSection(SolutionConfigurationPlatforms) = preSolution
		Debug|Any CPU = Debug|Any CPU
		Release|Any CPU = Release|Any CPU
	EndGlobalSection
	GlobalSection(ProjectConfigurationPlatforms) = postSolution
		{69E51839-D9AE-165A-53F4-DF3EFE0D777A}.Debug|Any CPU.ActiveCfg = Debug|Any CPU
		{69E51839-D9AE-165A-53F4-DF3EFE0D777A}.Debug|Any CPU.Build.0 = Debug|Any CPU
		{69E51839-D9AE-165A-53F4-DF3EFE0D777A}.Debug|Any CPU.Deploy.0 = Debug|Any CPU
		{69E51839-D9AE-165A-53F4-DF3EFE0D777A}.Release|Any CPU.ActiveCfg = Release|Any CPU
		{69E51839-D9AE-165A-53F4-DF3EFE0D777A}.Release|Any CPU.Build.0 = Release|Any CPU
		{69E51839-D9AE-165A-53F4-DF3EFE0D777A}.Release|Any CPU.Deploy.0 = Release|Any CPU
		{3FB40AE7-7996-1A66-EEFE-4CAF77DC7BA7}.Debug|Any CPU.ActiveCfg = Debug|Any CPU
		{3FB40AE7-7996-1A66-EEFE-4CAF77DC7BA7}.Debug|Any CPU.Build.0 = Debug|Any CPU
		{3FB40AE7-7996-1A66-EEFE-4CAF77DC7BA7}.Release|Any CPU.ActiveCfg = Release|Any CPU
		{3FB40AE7-7996-1A66-EEFE-4CAF77DC7BA7}.Release|Any CPU.Build.0 = Release|Any CPU
		{4060156B-7F7F-21A4-F723-49ED1EBCC625}.Debug|Any CPU.ActiveCfg = Debug|Any CPU
		{4060156B-7F7F-21A4-F723-49ED1EBCC625}.Debug|Any CPU.Build.0 = Debug|Any CPU
		{4060156B-7F7F-21A4-F723-49ED1EBCC625}.Release|Any CPU.ActiveCfg = Release|Any CPU
		{4060156B-7F7F-21A4-F723-49ED1EBCC625}.Release|Any CPU.Build.0 = Release|Any CPU
	EndGlobalSection
	GlobalSection(SolutionProperties) = preSolution
		HideSolutionNode = FALSE
	EndGlobalSection
	GlobalSection(ExtensibilityGlobals) = postSolution
		SolutionGuid = {E291D59B-8301-4842-AFE0-D25542788561}
	EndGlobalSection
EndGlobal
